
Microsoft Visual Studio Solution File, Format Version 12.00
# Visual Studio 15
VisualStudioVersion = 15.0.28307.136
MinimumVisualStudioVersion = 10.0.40219.1
Project("{9A19103F-16F7-4668-BE54-9A1E7A4F7556}") = "Projeto2", "Projeto2\Projeto2.csproj", "{668F65DF-C9E7-475B-8409-5C38FFD0EC9A}"
EndProject
Project("{FAE04EC0-301F-11D3-BF4B-00C04F79EFBC}") = "WinForms", "WinForms\WinForms.csproj", "{59625E80-9C57-4C4D-9D45-49874714987D}"
EndProject
Global
	GlobalSection(SolutionConfigurationPlatforms) = preSolution
		Debug|Any CPU = Debug|Any CPU
		Release|Any CPU = Release|Any CPU
	EndGlobalSection
	GlobalSection(ProjectConfigurationPlatforms) = postSolution
		{668F65DF-C9E7-475B-8409-5C38FFD0EC9A}.Debug|Any CPU.ActiveCfg = Debug|Any CPU
		{668F65DF-C9E7-475B-8409-5C38FFD0EC9A}.Debug|Any CPU.Build.0 = Debug|Any CPU
		{668F65DF-C9E7-475B-8409-5C38FFD0EC9A}.Release|Any CPU.ActiveCfg = Release|Any CPU
		{668F65DF-C9E7-475B-8409-5C38FFD0EC9A}.Release|Any CPU.Build.0 = Release|Any CPU
		{59625E80-9C57-4C4D-9D45-49874714987D}.Debug|Any CPU.ActiveCfg = Debug|Any CPU
		{59625E80-9C57-4C4D-9D45-49874714987D}.Debug|Any CPU.Build.0 = Debug|Any CPU
		{59625E80-9C57-4C4D-9D45-49874714987D}.Release|Any CPU.ActiveCfg = Release|Any CPU
		{59625E80-9C57-4C4D-9D45-49874714987D}.Release|Any CPU.Build.0 = Release|Any CPU
	EndGlobalSection
	GlobalSection(SolutionProperties) = preSolution
		HideSolutionNode = FALSE
	EndGlobalSection
	GlobalSection(ExtensibilityGlobals) = postSolution
		SolutionGuid = {87442641-97F7-4B21-8BD9-A3FDE72C0286}
	EndGlobalSection
EndGlobal
